# THIS IS AN AUTOGENERATED FILE. DO NOT EDIT THIS FILE DIRECTLY.
# yarn lockfile v1


gitbook-plugin-chapter-fold@^0.0.4:
  version "0.0.4"
  resolved "https://registry.yarnpkg.com/gitbook-plugin-chapter-fold/-/gitbook-plugin-chapter-fold-0.0.4.tgz#dcd5a21f80bcbc98c088419774c397ae6d4463ef"
  integrity sha1-3NWiH4C8vJjAiEGXdMOXrm1EY+8=
